
Microsoft Visual Studio Solution File, Format Version 12.00
# Visual Studio Version 17
VisualStudioVersion = 17.0.32112.339
MinimumVisualStudioVersion = 10.0.40219.1
Project("{FAE04EC0-301F-11D3-BF4B-00C04F79EFBC}") = "RepositoryWithMVC", "RepositoryWithMVC.csproj", "{64C07D45-7FC1-4F42-96B0-8F795BCB1A18}"
EndProject
Project("{FAE04EC0-301F-11D3-BF4B-00C04F79EFBC}") = "UnitTests", "..\UnitTests\UnitTests.csproj", "{AFF6592D-B6D3-4047-9F2D-BEC044F5D9BA}"
EndProject
Global
	GlobalSection(SolutionConfigurationPlatforms) = preSolution
		Debug|Any CPU = Debug|Any CPU
		Release|Any CPU = Release|Any CPU
	EndGlobalSection
	GlobalSection(ProjectConfigurationPlatforms) = postSolution
		{64C07D45-7FC1-4F42-96B0-8F795BCB1A18}.Debug|Any CPU.ActiveCfg = Debug|Any CPU
		{64C07D45-7FC1-4F42-96B0-8F795BCB1A18}.Debug|Any CPU.Build.0 = Debug|Any CPU
		{64C07D45-7FC1-4F42-96B0-8F795BCB1A18}.Release|Any CPU.ActiveCfg = Release|Any CPU
		{64C07D45-7FC1-4F42-96B0-8F795BCB1A18}.Release|Any CPU.Build.0 = Release|Any CPU
		{AFF6592D-B6D3-4047-9F2D-BEC044F5D9BA}.Debug|Any CPU.ActiveCfg = Debug|Any CPU
		{AFF6592D-B6D3-4047-9F2D-BEC044F5D9BA}.Debug|Any CPU.Build.0 = Debug|Any CPU
		{AFF6592D-B6D3-4047-9F2D-BEC044F5D9BA}.Release|Any CPU.ActiveCfg = Release|Any CPU
		{AFF6592D-B6D3-4047-9F2D-BEC044F5D9BA}.Release|Any CPU.Build.0 = Release|Any CPU
	EndGlobalSection
	GlobalSection(SolutionProperties) = preSolution
		HideSolutionNode = FALSE
	EndGlobalSection
	GlobalSection(ExtensibilityGlobals) = postSolution
		SolutionGuid = {3088B393-FC94-4F80-9E69-17FCA809020C}
	EndGlobalSection
EndGlobal
